
Microsoft Visual Studio Solution File, Format Version 10.00
# Visual Studio 2008
Project("{8BC9CEB8-8B4A-11D0-8D11-00A0C91BC942}") = "RDTools", "RDTools\RDTools.vcproj", "{DB9325D9-E12E-4B41-AC97-A3516D692933}"
EndProject
Project("{8BC9CEB8-8B4A-11D0-8D11-00A0C91BC942}") = "DuiLib", "thirdparty\DuiLib\DuiLib.vcproj", "{E106ACD7-4E53-4AEE-942B-D0DD426DB34E}"
EndProject
Project("{8BC9CEB8-8B4A-11D0-8D11-00A0C91BC942}") = "PCRE", "thirdparty\PCRE\PCRE.vcproj", "{37094D0F-65F3-4859-AB7E-5062308266E7}"
EndProject
Project("{8BC9CEB8-8B4A-11D0-8D11-00A0C91BC942}") = "Log4cplus", "thirdparty\Log4cplus\log4cplus.vcproj", "{830BB83C-35F8-4296-A115-1FA68E746338}"
EndProject
Project("{8BC9CEB8-8B4A-11D0-8D11-00A0C91BC942}") = "RDCoder", "RDCoder\RDCoder.vcproj", "{4F2B83D6-8089-46A7-A7C2-F0F7229C35D8}"
EndProject
Project("{8BC9CEB8-8B4A-11D0-8D11-00A0C91BC942}") = "SlimXml", "thirdparty\SlimXml\SlimXml.vcproj", "{D8744F85-7E58-42B3-BC78-9C15CBD4ED63}"
EndProject
Project("{8BC9CEB8-8B4A-11D0-8D11-00A0C91BC942}") = "SnapShot", "SnapShot\SnapShot.vcproj", "{56DB4F97-70F2-417F-A21E-01DF1A83A852}"
EndProject
Project("{8BC9CEB8-8B4A-11D0-8D11-00A0C91BC942}") = "libiconv", "thirdparty\libiconv\libiconv.vcproj", "{8D5BA44E-8B83-4E49-B664-AAAA458C1060}"
EndProject
Project("{8BC9CEB8-8B4A-11D0-8D11-00A0C91BC942}") = "UCD", "thirdparty\UCD\UCD.vcproj", "{9A14D3CC-2E48-47E6-8B4C-08A10DC01C1B}"
EndProject
Project("{8BC9CEB8-8B4A-11D0-8D11-00A0C91BC942}") = "DuiMsg", "DuiMsg\DuiMsg.vcproj", "{E678EA58-8634-4931-A229-FD980F804CDA}"
EndProject
Project("{8BC9CEB8-8B4A-11D0-8D11-00A0C91BC942}") = "RDFinder", "RDFinder\RDFinder.vcproj", "{FC524424-35EE-4D41-B068-824CBB6FB65C}"
EndProject
Project("{8BC9CEB8-8B4A-11D0-8D11-00A0C91BC942}") = "zlib", "thirdparty\zlib\zlib.vcproj", "{8FD826F8-3739-44E6-8CC8-997122E53B8D}"
EndProject
Project("{8BC9CEB8-8B4A-11D0-8D11-00A0C91BC942}") = "libpng", "thirdparty\libpng\libpng.vcproj", "{D976E852-A40F-4EC1-8491-B4F3D3D1B75C}"
EndProject
Project("{2150E333-8FDC-42A3-9474-1A3956D46DE8}") = "thirdparty", "thirdparty", "{59E8F0E0-4FA8-42FB-92A0-0B85376F876A}"
EndProject
Project("{8BC9CEB8-8B4A-11D0-8D11-00A0C91BC942}") = "RDKeyHook", "RDKeyHook\RDKeyHook.vcproj", "{777A6B19-93FD-4FEB-B99B-3C8EF76E797B}"
EndProject
Project("{8BC9CEB8-8B4A-11D0-8D11-00A0C91BC942}") = "tidy", "thirdparty\tidy\tidy.vcproj", "{53389E0F-6B1C-4038-BEC3-560A5C42CE37}"
EndProject
Project("{2150E333-8FDC-42A3-9474-1A3956D46DE8}") = "TidyLib", "TidyLib", "{B77461FC-A287-4ACA-AA65-49AF3818F325}"
EndProject
Project("{8BC9CEB8-8B4A-11D0-8D11-00A0C91BC942}") = "AsTidyLib", "TidyLib\AsTidyLib\AsTidyLib.vcproj", "{3D0E5F57-72FE-4915-A6A7-F36F74844D38}"
EndProject
Project("{8BC9CEB8-8B4A-11D0-8D11-00A0C91BC942}") = "CssTidyLib", "TidyLib\CssTidyLib\CssTidyLib.vcproj", "{C9A7BABE-72C8-4FDE-AC09-86D844D18EE3}"
EndProject
Project("{8BC9CEB8-8B4A-11D0-8D11-00A0C91BC942}") = "JsonTidyLib", "TidyLib\JsonTidyLib\JsonTidyLib.vcproj", "{F726E5CC-2920-4FA9-B4CB-291CD798C1AB}"
EndProject
Project("{8BC9CEB8-8B4A-11D0-8D11-00A0C91BC942}") = "JsTidyLib", "TidyLib\JsTidyLib\JsTidyLib.vcproj", "{964A9EA4-EB9A-4660-9148-E31C25631117}"
EndProject
Project("{8BC9CEB8-8B4A-11D0-8D11-00A0C91BC942}") = "PhpTidyLib", "TidyLib\PhpTidyLib\PhpTidyLib.vcproj", "{48362BDC-C157-42C5-82A3-903965BFE9BE}"
EndProject
Project("{8BC9CEB8-8B4A-11D0-8D11-00A0C91BC942}") = "SqlTidyLib", "TidyLib\SqlTidyLib\SqlTidyLib.vcproj", "{5E00DC2E-169B-4570-B7A1-442AE22DE2E5}"
EndProject
Project("{8BC9CEB8-8B4A-11D0-8D11-00A0C91BC942}") = "Sqlite", "thirdparty\Sqlite\Sqlite.vcproj", "{2B71F010-B3B8-471B-9391-C39703909497}"
EndProject
Project("{8BC9CEB8-8B4A-11D0-8D11-00A0C91BC942}") = "GifLib", "thirdparty\GifLib\giflib.vcproj", "{04AE8216-45FF-4CF0-9BD5-679748A7CC08}"
EndProject
Project("{8BC9CEB8-8B4A-11D0-8D11-00A0C91BC942}") = "curl", "thirdparty\curl\curl.vcproj", "{65D69359-4B22-4319-8C58-77AE0786C796}"
EndProject
Project("{8BC9CEB8-8B4A-11D0-8D11-00A0C91BC942}") = "RDNet", "RDNet\RDNet.vcproj", "{31CB3D8D-6174-4B8C-B596-7CFC7DFD175C}"
EndProject
Project("{2150E333-8FDC-42A3-9474-1A3956D46DE8}") = "Test", "Test", "{735E9B13-A08B-43A8-BF28-FFF6A7BB807B}"
EndProject
Project("{8BC9CEB8-8B4A-11D0-8D11-00A0C91BC942}") = "PCRETest", "Test\PCRETest\PCRETest.vcproj", "{794E9E83-81B3-46D6-9AF8-DA334EF431CB}"
EndProject
Project("{8BC9CEB8-8B4A-11D0-8D11-00A0C91BC942}") = "CURLTest", "Test\CURLTest\CURLTest.vcproj", "{2E8E1EB8-3823-4805-972A-92B5A72DB220}"
EndProject
Project("{8BC9CEB8-8B4A-11D0-8D11-00A0C91BC942}") = "JSONCPPTest", "Test\JSONCPPTest\JSONCPPTest.vcproj", "{79B04F62-8406-498C-9620-144B0E6D4390}"
EndProject
Global
	GlobalSection(SolutionConfigurationPlatforms) = preSolution
		Debug|Win32 = Debug|Win32
		Release|Win32 = Release|Win32
	EndGlobalSection
	GlobalSection(ProjectConfigurationPlatforms) = postSolution
		{DB9325D9-E12E-4B41-AC97-A3516D692933}.Debug|Win32.ActiveCfg = Debug|Win32
		{DB9325D9-E12E-4B41-AC97-A3516D692933}.Debug|Win32.Build.0 = Debug|Win32
		{DB9325D9-E12E-4B41-AC97-A3516D692933}.Release|Win32.ActiveCfg = Release|Win32
		{DB9325D9-E12E-4B41-AC97-A3516D692933}.Release|Win32.Build.0 = Release|Win32
		{E106ACD7-4E53-4AEE-942B-D0DD426DB34E}.Debug|Win32.ActiveCfg = Debug|Win32
		{E106ACD7-4E53-4AEE-942B-D0DD426DB34E}.Debug|Win32.Build.0 = Debug|Win32
		{E106ACD7-4E53-4AEE-942B-D0DD426DB34E}.Release|Win32.ActiveCfg = Release|Win32
		{E106ACD7-4E53-4AEE-942B-D0DD426DB34E}.Release|Win32.Build.0 = Release|Win32
		{37094D0F-65F3-4859-AB7E-5062308266E7}.Debug|Win32.ActiveCfg = Debug|Win32
		{37094D0F-65F3-4859-AB7E-5062308266E7}.Debug|Win32.Build.0 = Debug|Win32
		{37094D0F-65F3-4859-AB7E-5062308266E7}.Release|Win32.ActiveCfg = Release|Win32
		{37094D0F-65F3-4859-AB7E-5062308266E7}.Release|Win32.Build.0 = Release|Win32
		{830BB83C-35F8-4296-A115-1FA68E746338}.Debug|Win32.ActiveCfg = Debug|Win32
		{830BB83C-35F8-4296-A115-1FA68E746338}.Debug|Win32.Build.0 = Debug|Win32
		{830BB83C-35F8-4296-A115-1FA68E746338}.Release|Win32.ActiveCfg = Release|Win32
		{830BB83C-35F8-4296-A115-1FA68E746338}.Release|Win32.Build.0 = Release|Win32
		{4F2B83D6-8089-46A7-A7C2-F0F7229C35D8}.Debug|Win32.ActiveCfg = Debug|Win32
		{4F2B83D6-8089-46A7-A7C2-F0F7229C35D8}.Debug|Win32.Build.0 = Debug|Win32
		{4F2B83D6-8089-46A7-A7C2-F0F7229C35D8}.Release|Win32.ActiveCfg = Release|Win32
		{4F2B83D6-8089-46A7-A7C2-F0F7229C35D8}.Release|Win32.Build.0 = Release|Win32
		{D8744F85-7E58-42B3-BC78-9C15CBD4ED63}.Debug|Win32.ActiveCfg = Debug|Win32
		{D8744F85-7E58-42B3-BC78-9C15CBD4ED63}.Debug|Win32.Build.0 = Debug|Win32
		{D8744F85-7E58-42B3-BC78-9C15CBD4ED63}.Release|Win32.ActiveCfg = Release|Win32
		{D8744F85-7E58-42B3-BC78-9C15CBD4ED63}.Release|Win32.Build.0 = Release|Win32
		{56DB4F97-70F2-417F-A21E-01DF1A83A852}.Debug|Win32.ActiveCfg = Debug|Win32
		{56DB4F97-70F2-417F-A21E-01DF1A83A852}.Debug|Win32.Build.0 = Debug|Win32
		{56DB4F97-70F2-417F-A21E-01DF1A83A852}.Release|Win32.ActiveCfg = Release|Win32
		{56DB4F97-70F2-417F-A21E-01DF1A83A852}.Release|Win32.Build.0 = Release|Win32
		{8D5BA44E-8B83-4E49-B664-AAAA458C1060}.Debug|Win32.ActiveCfg = Debug|Win32
		{8D5BA44E-8B83-4E49-B664-AAAA458C1060}.Debug|Win32.Build.0 = Debug|Win32
		{8D5BA44E-8B83-4E49-B664-AAAA458C1060}.Release|Win32.ActiveCfg = Release|Win32
		{8D5BA44E-8B83-4E49-B664-AAAA458C1060}.Release|Win32.Build.0 = Release|Win32
		{9A14D3CC-2E48-47E6-8B4C-08A10DC01C1B}.Debug|Win32.ActiveCfg = Debug|Win32
		{9A14D3CC-2E48-47E6-8B4C-08A10DC01C1B}.Debug|Win32.Build.0 = Debug|Win32
		{9A14D3CC-2E48-47E6-8B4C-08A10DC01C1B}.Release|Win32.ActiveCfg = Release|Win32
		{9A14D3CC-2E48-47E6-8B4C-08A10DC01C1B}.Release|Win32.Build.0 = Release|Win32
		{E678EA58-8634-4931-A229-FD980F804CDA}.Debug|Win32.ActiveCfg = Debug|Win32
		{E678EA58-8634-4931-A229-FD980F804CDA}.Debug|Win32.Build.0 = Debug|Win32
		{E678EA58-8634-4931-A229-FD980F804CDA}.Release|Win32.ActiveCfg = Release|Win32
		{E678EA58-8634-4931-A229-FD980F804CDA}.Release|Win32.Build.0 = Release|Win32
		{FC524424-35EE-4D41-B068-824CBB6FB65C}.Debug|Win32.ActiveCfg = Debug|Win32
		{FC524424-35EE-4D41-B068-824CBB6FB65C}.Debug|Win32.Build.0 = Debug|Win32
		{FC524424-35EE-4D41-B068-824CBB6FB65C}.Release|Win32.ActiveCfg = Release|Win32
		{FC524424-35EE-4D41-B068-824CBB6FB65C}.Release|Win32.Build.0 = Release|Win32
		{8FD826F8-3739-44E6-8CC8-997122E53B8D}.Debug|Win32.ActiveCfg = Debug|Win32
		{8FD826F8-3739-44E6-8CC8-997122E53B8D}.Debug|Win32.Build.0 = Debug|Win32
		{8FD826F8-3739-44E6-8CC8-997122E53B8D}.Release|Win32.ActiveCfg = Release|Win32
		{8FD826F8-3739-44E6-8CC8-997122E53B8D}.Release|Win32.Build.0 = Release|Win32
		{D976E852-A40F-4EC1-8491-B4F3D3D1B75C}.Debug|Win32.ActiveCfg = Debug|Win32
		{D976E852-A40F-4EC1-8491-B4F3D3D1B75C}.Debug|Win32.Build.0 = Debug|Win32
		{D976E852-A40F-4EC1-8491-B4F3D3D1B75C}.Release|Win32.ActiveCfg = Release|Win32
		{D976E852-A40F-4EC1-8491-B4F3D3D1B75C}.Release|Win32.Build.0 = Release|Win32
		{777A6B19-93FD-4FEB-B99B-3C8EF76E797B}.Debug|Win32.ActiveCfg = Debug|Win32
		{777A6B19-93FD-4FEB-B99B-3C8EF76E797B}.Debug|Win32.Build.0 = Debug|Win32
		{777A6B19-93FD-4FEB-B99B-3C8EF76E797B}.Release|Win32.ActiveCfg = Release|Win32
		{777A6B19-93FD-4FEB-B99B-3C8EF76E797B}.Release|Win32.Build.0 = Release|Win32
		{53389E0F-6B1C-4038-BEC3-560A5C42CE37}.Debug|Win32.ActiveCfg = Debug|Win32
		{53389E0F-6B1C-4038-BEC3-560A5C42CE37}.Debug|Win32.Build.0 = Debug|Win32
		{53389E0F-6B1C-4038-BEC3-560A5C42CE37}.Release|Win32.ActiveCfg = Release|Win32
		{53389E0F-6B1C-4038-BEC3-560A5C42CE37}.Release|Win32.Build.0 = Release|Win32
		{3D0E5F57-72FE-4915-A6A7-F36F74844D38}.Debug|Win32.ActiveCfg = Debug|Win32
		{3D0E5F57-72FE-4915-A6A7-F36F74844D38}.Debug|Win32.Build.0 = Debug|Win32
		{3D0E5F57-72FE-4915-A6A7-F36F74844D38}.Release|Win32.ActiveCfg = Release|Win32
		{3D0E5F57-72FE-4915-A6A7-F36F74844D38}.Release|Win32.Build.0 = Release|Win32
		{C9A7BABE-72C8-4FDE-AC09-86D844D18EE3}.Debug|Win32.ActiveCfg = Debug|Win32
		{C9A7BABE-72C8-4FDE-AC09-86D844D18EE3}.Debug|Win32.Build.0 = Debug|Win32
		{C9A7BABE-72C8-4FDE-AC09-86D844D18EE3}.Release|Win32.ActiveCfg = Release|Win32
		{C9A7BABE-72C8-4FDE-AC09-86D844D18EE3}.Release|Win32.Build.0 = Release|Win32
		{F726E5CC-2920-4FA9-B4CB-291CD798C1AB}.Debug|Win32.ActiveCfg = Debug|Win32
		{F726E5CC-2920-4FA9-B4CB-291CD798C1AB}.Debug|Win32.Build.0 = Debug|Win32
		{F726E5CC-2920-4FA9-B4CB-291CD798C1AB}.Release|Win32.ActiveCfg = Release|Win32
		{F726E5CC-2920-4FA9-B4CB-291CD798C1AB}.Release|Win32.Build.0 = Release|Win32
		{964A9EA4-EB9A-4660-9148-E31C25631117}.Debug|Win32.ActiveCfg = Debug|Win32
		{964A9EA4-EB9A-4660-9148-E31C25631117}.Debug|Win32.Build.0 = Debug|Win32
		{964A9EA4-EB9A-4660-9148-E31C25631117}.Release|Win32.ActiveCfg = Release|Win32
		{964A9EA4-EB9A-4660-9148-E31C25631117}.Release|Win32.Build.0 = Release|Win32
		{48362BDC-C157-42C5-82A3-903965BFE9BE}.Debug|Win32.ActiveCfg = Debug|Win32
		{48362BDC-C157-42C5-82A3-903965BFE9BE}.Debug|Win32.Build.0 = Debug|Win32
		{48362BDC-C157-42C5-82A3-903965BFE9BE}.Release|Win32.ActiveCfg = Release|Win32
		{48362BDC-C157-42C5-82A3-903965BFE9BE}.Release|Win32.Build.0 = Release|Win32
		{5E00DC2E-169B-4570-B7A1-442AE22DE2E5}.Debug|Win32.ActiveCfg = Debug|Win32
		{5E00DC2E-169B-4570-B7A1-442AE22DE2E5}.Debug|Win32.Build.0 = Debug|Win32
		{5E00DC2E-169B-4570-B7A1-442AE22DE2E5}.Release|Win32.ActiveCfg = Release|Win32
		{5E00DC2E-169B-4570-B7A1-442AE22DE2E5}.Release|Win32.Build.0 = Release|Win32
		{2B71F010-B3B8-471B-9391-C39703909497}.Debug|Win32.ActiveCfg = Debug|Win32
		{2B71F010-B3B8-471B-9391-C39703909497}.Debug|Win32.Build.0 = Debug|Win32
		{2B71F010-B3B8-471B-9391-C39703909497}.Release|Win32.ActiveCfg = Release|Win32
		{2B71F010-B3B8-471B-9391-C39703909497}.Release|Win32.Build.0 = Release|Win32
		{04AE8216-45FF-4CF0-9BD5-679748A7CC08}.Debug|Win32.ActiveCfg = Debug|Win32
		{04AE8216-45FF-4CF0-9BD5-679748A7CC08}.Debug|Win32.Build.0 = Debug|Win32
		{04AE8216-45FF-4CF0-9BD5-679748A7CC08}.Release|Win32.ActiveCfg = Release|Win32
		{04AE8216-45FF-4CF0-9BD5-679748A7CC08}.Release|Win32.Build.0 = Release|Win32
		{65D69359-4B22-4319-8C58-77AE0786C796}.Debug|Win32.ActiveCfg = Debug|Win32
		{65D69359-4B22-4319-8C58-77AE0786C796}.Debug|Win32.Build.0 = Debug|Win32
		{65D69359-4B22-4319-8C58-77AE0786C796}.Release|Win32.ActiveCfg = Release|Win32
		{65D69359-4B22-4319-8C58-77AE0786C796}.Release|Win32.Build.0 = Release|Win32
		{31CB3D8D-6174-4B8C-B596-7CFC7DFD175C}.Debug|Win32.ActiveCfg = Debug|Win32
		{31CB3D8D-6174-4B8C-B596-7CFC7DFD175C}.Debug|Win32.Build.0 = Debug|Win32
		{31CB3D8D-6174-4B8C-B596-7CFC7DFD175C}.Release|Win32.ActiveCfg = Release|Win32
		{31CB3D8D-6174-4B8C-B596-7CFC7DFD175C}.Release|Win32.Build.0 = Release|Win32
		{794E9E83-81B3-46D6-9AF8-DA334EF431CB}.Debug|Win32.ActiveCfg = Debug|Win32
		{794E9E83-81B3-46D6-9AF8-DA334EF431CB}.Debug|Win32.Build.0 = Debug|Win32
		{794E9E83-81B3-46D6-9AF8-DA334EF431CB}.Release|Win32.ActiveCfg = Release|Win32
		{794E9E83-81B3-46D6-9AF8-DA334EF431CB}.Release|Win32.Build.0 = Release|Win32
		{2E8E1EB8-3823-4805-972A-92B5A72DB220}.Debug|Win32.ActiveCfg = Debug|Win32
		{2E8E1EB8-3823-4805-972A-92B5A72DB220}.Debug|Win32.Build.0 = Debug|Win32
		{2E8E1EB8-3823-4805-972A-92B5A72DB220}.Release|Win32.ActiveCfg = Release|Win32
		{2E8E1EB8-3823-4805-972A-92B5A72DB220}.Release|Win32.Build.0 = Release|Win32
		{79B04F62-8406-498C-9620-144B0E6D4390}.Debug|Win32.ActiveCfg = Debug|Win32
		{79B04F62-8406-498C-9620-144B0E6D4390}.Debug|Win32.Build.0 = Debug|Win32
		{79B04F62-8406-498C-9620-144B0E6D4390}.Release|Win32.ActiveCfg = Release|Win32
		{79B04F62-8406-498C-9620-144B0E6D4390}.Release|Win32.Build.0 = Release|Win32
	EndGlobalSection
	GlobalSection(SolutionProperties) = preSolution
		HideSolutionNode = FALSE
	EndGlobalSection
	GlobalSection(NestedProjects) = preSolution
		{37094D0F-65F3-4859-AB7E-5062308266E7} = {59E8F0E0-4FA8-42FB-92A0-0B85376F876A}
		{830BB83C-35F8-4296-A115-1FA68E746338} = {59E8F0E0-4FA8-42FB-92A0-0B85376F876A}
		{D8744F85-7E58-42B3-BC78-9C15CBD4ED63} = {59E8F0E0-4FA8-42FB-92A0-0B85376F876A}
		{8D5BA44E-8B83-4E49-B664-AAAA458C1060} = {59E8F0E0-4FA8-42FB-92A0-0B85376F876A}
		{9A14D3CC-2E48-47E6-8B4C-08A10DC01C1B} = {59E8F0E0-4FA8-42FB-92A0-0B85376F876A}
		{8FD826F8-3739-44E6-8CC8-997122E53B8D} = {59E8F0E0-4FA8-42FB-92A0-0B85376F876A}
		{D976E852-A40F-4EC1-8491-B4F3D3D1B75C} = {59E8F0E0-4FA8-42FB-92A0-0B85376F876A}
		{E106ACD7-4E53-4AEE-942B-D0DD426DB34E} = {59E8F0E0-4FA8-42FB-92A0-0B85376F876A}
		{53389E0F-6B1C-4038-BEC3-560A5C42CE37} = {59E8F0E0-4FA8-42FB-92A0-0B85376F876A}
		{2B71F010-B3B8-471B-9391-C39703909497} = {59E8F0E0-4FA8-42FB-92A0-0B85376F876A}
		{04AE8216-45FF-4CF0-9BD5-679748A7CC08} = {59E8F0E0-4FA8-42FB-92A0-0B85376F876A}
		{65D69359-4B22-4319-8C58-77AE0786C796} = {59E8F0E0-4FA8-42FB-92A0-0B85376F876A}
		{3D0E5F57-72FE-4915-A6A7-F36F74844D38} = {B77461FC-A287-4ACA-AA65-49AF3818F325}
		{C9A7BABE-72C8-4FDE-AC09-86D844D18EE3} = {B77461FC-A287-4ACA-AA65-49AF3818F325}
		{F726E5CC-2920-4FA9-B4CB-291CD798C1AB} = {B77461FC-A287-4ACA-AA65-49AF3818F325}
		{964A9EA4-EB9A-4660-9148-E31C25631117} = {B77461FC-A287-4ACA-AA65-49AF3818F325}
		{48362BDC-C157-42C5-82A3-903965BFE9BE} = {B77461FC-A287-4ACA-AA65-49AF3818F325}
		{5E00DC2E-169B-4570-B7A1-442AE22DE2E5} = {B77461FC-A287-4ACA-AA65-49AF3818F325}
		{794E9E83-81B3-46D6-9AF8-DA334EF431CB} = {735E9B13-A08B-43A8-BF28-FFF6A7BB807B}
		{2E8E1EB8-3823-4805-972A-92B5A72DB220} = {735E9B13-A08B-43A8-BF28-FFF6A7BB807B}
		{79B04F62-8406-498C-9620-144B0E6D4390} = {735E9B13-A08B-43A8-BF28-FFF6A7BB807B}
	EndGlobalSection
EndGlobal
