
Microsoft Visual Studio Solution File, Format Version 10.00
# Visual Studio 2008
Project("{8BC9CEB8-8B4A-11D0-8D11-00A0C91BC942}") = "RDTools", "RDTools\RDTools.vcproj", "{DB9325D9-E12E-4B41-AC97-A3516D692933}"
EndProject
Project("{8BC9CEB8-8B4A-11D0-8D11-00A0C91BC942}") = "DuiLib", "thirdparty\DuiLib\DuiLib.vcproj", "{E106ACD7-4E53-4AEE-942B-D0DD426DB34E}"
EndProject
Project("{8BC9CEB8-8B4A-11D0-8D11-00A0C91BC942}") = "PCRE", "thirdparty\PCRE\PCRE.vcproj", "{37094D0F-65F3-4859-AB7E-5062308266E7}"
EndProject
Project("{8BC9CEB8-8B4A-11D0-8D11-00A0C91BC942}") = "PCRETest", "PCRETest\PCRETest.vcproj", "{794E9E83-81B3-46D6-9AF8-DA334EF431CB}"
EndProject
Project("{8BC9CEB8-8B4A-11D0-8D11-00A0C91BC942}") = "Log4cplus", "thirdparty\Log4cplus\log4cplus.vcproj", "{830BB83C-35F8-4296-A115-1FA68E746338}"
EndProject
Project("{8BC9CEB8-8B4A-11D0-8D11-00A0C91BC942}") = "RDCoder", "RDCoder\RDCoder.vcproj", "{4F2B83D6-8089-46A7-A7C2-F0F7229C35D8}"
EndProject
Project("{8BC9CEB8-8B4A-11D0-8D11-00A0C91BC942}") = "SlimXml", "thirdparty\SlimXml\SlimXml.vcproj", "{D8744F85-7E58-42B3-BC78-9C15CBD4ED63}"
EndProject
Project("{8BC9CEB8-8B4A-11D0-8D11-00A0C91BC942}") = "SnapShot", "SnapShot\SnapShot.vcproj", "{56DB4F97-70F2-417F-A21E-01DF1A83A852}"
EndProject
Project("{8BC9CEB8-8B4A-11D0-8D11-00A0C91BC942}") = "libiconv", "thirdparty\libiconv\libiconv.vcproj", "{8D5BA44E-8B83-4E49-B664-AAAA458C1060}"
EndProject
Project("{8BC9CEB8-8B4A-11D0-8D11-00A0C91BC942}") = "UCD", "thirdparty\UCD\UCD.vcproj", "{9A14D3CC-2E48-47E6-8B4C-08A10DC01C1B}"
EndProject
Project("{8BC9CEB8-8B4A-11D0-8D11-00A0C91BC942}") = "DuiMsg", "DuiMsg\DuiMsg.vcproj", "{E678EA58-8634-4931-A229-FD980F804CDA}"
EndProject
Project("{8BC9CEB8-8B4A-11D0-8D11-00A0C91BC942}") = "RDFinder", "RDFinder\RDFinder.vcproj", "{FC524424-35EE-4D41-B068-824CBB6FB65C}"
EndProject
Project("{8BC9CEB8-8B4A-11D0-8D11-00A0C91BC942}") = "zlib", "thirdparty\zlib\zlib.vcproj", "{8FD826F8-3739-44E6-8CC8-997122E53B8D}"
EndProject
Project("{8BC9CEB8-8B4A-11D0-8D11-00A0C91BC942}") = "libpng", "thirdparty\libpng\libpng.vcproj", "{D976E852-A40F-4EC1-8491-B4F3D3D1B75C}"
EndProject
Project("{2150E333-8FDC-42A3-9474-1A3956D46DE8}") = "thirdparty", "thirdparty", "{59E8F0E0-4FA8-42FB-92A0-0B85376F876A}"
EndProject
Project("{8BC9CEB8-8B4A-11D0-8D11-00A0C91BC942}") = "RDKeyHook", "RDKeyHook\RDKeyHook.vcproj", "{777A6B19-93FD-4FEB-B99B-3C8EF76E797B}"
EndProject
Project("{8BC9CEB8-8B4A-11D0-8D11-00A0C91BC942}") = "RDZoomIn", "RDZoomIn\RDZoomIn.vcproj", "{53892844-9013-425B-94CD-7E6F11A3D3ED}"
EndProject
Global
	GlobalSection(SolutionConfigurationPlatforms) = preSolution
		Debug|Win32 = Debug|Win32
		Release|Win32 = Release|Win32
	EndGlobalSection
	GlobalSection(ProjectConfigurationPlatforms) = postSolution
		{DB9325D9-E12E-4B41-AC97-A3516D692933}.Debug|Win32.ActiveCfg = Debug|Win32
		{DB9325D9-E12E-4B41-AC97-A3516D692933}.Debug|Win32.Build.0 = Debug|Win32
		{DB9325D9-E12E-4B41-AC97-A3516D692933}.Release|Win32.ActiveCfg = Release|Win32
		{DB9325D9-E12E-4B41-AC97-A3516D692933}.Release|Win32.Build.0 = Release|Win32
		{E106ACD7-4E53-4AEE-942B-D0DD426DB34E}.Debug|Win32.ActiveCfg = Debug|Win32
		{E106ACD7-4E53-4AEE-942B-D0DD426DB34E}.Debug|Win32.Build.0 = Debug|Win32
		{E106ACD7-4E53-4AEE-942B-D0DD426DB34E}.Release|Win32.ActiveCfg = Release|Win32
		{E106ACD7-4E53-4AEE-942B-D0DD426DB34E}.Release|Win32.Build.0 = Release|Win32
		{37094D0F-65F3-4859-AB7E-5062308266E7}.Debug|Win32.ActiveCfg = Debug|Win32
		{37094D0F-65F3-4859-AB7E-5062308266E7}.Debug|Win32.Build.0 = Debug|Win32
		{37094D0F-65F3-4859-AB7E-5062308266E7}.Release|Win32.ActiveCfg = Release|Win32
		{37094D0F-65F3-4859-AB7E-5062308266E7}.Release|Win32.Build.0 = Release|Win32
		{794E9E83-81B3-46D6-9AF8-DA334EF431CB}.Debug|Win32.ActiveCfg = Debug|Win32
		{794E9E83-81B3-46D6-9AF8-DA334EF431CB}.Debug|Win32.Build.0 = Debug|Win32
		{794E9E83-81B3-46D6-9AF8-DA334EF431CB}.Release|Win32.ActiveCfg = Release|Win32
		{794E9E83-81B3-46D6-9AF8-DA334EF431CB}.Release|Win32.Build.0 = Release|Win32
		{830BB83C-35F8-4296-A115-1FA68E746338}.Debug|Win32.ActiveCfg = Debug|Win32
		{830BB83C-35F8-4296-A115-1FA68E746338}.Debug|Win32.Build.0 = Debug|Win32
		{830BB83C-35F8-4296-A115-1FA68E746338}.Release|Win32.ActiveCfg = Release|Win32
		{830BB83C-35F8-4296-A115-1FA68E746338}.Release|Win32.Build.0 = Release|Win32
		{4F2B83D6-8089-46A7-A7C2-F0F7229C35D8}.Debug|Win32.ActiveCfg = Debug|Win32
		{4F2B83D6-8089-46A7-A7C2-F0F7229C35D8}.Debug|Win32.Build.0 = Debug|Win32
		{4F2B83D6-8089-46A7-A7C2-F0F7229C35D8}.Release|Win32.ActiveCfg = Release|Win32
		{4F2B83D6-8089-46A7-A7C2-F0F7229C35D8}.Release|Win32.Build.0 = Release|Win32
		{D8744F85-7E58-42B3-BC78-9C15CBD4ED63}.Debug|Win32.ActiveCfg = Debug|Win32
		{D8744F85-7E58-42B3-BC78-9C15CBD4ED63}.Debug|Win32.Build.0 = Debug|Win32
		{D8744F85-7E58-42B3-BC78-9C15CBD4ED63}.Release|Win32.ActiveCfg = Release|Win32
		{D8744F85-7E58-42B3-BC78-9C15CBD4ED63}.Release|Win32.Build.0 = Release|Win32
		{56DB4F97-70F2-417F-A21E-01DF1A83A852}.Debug|Win32.ActiveCfg = Debug|Win32
		{56DB4F97-70F2-417F-A21E-01DF1A83A852}.Debug|Win32.Build.0 = Debug|Win32
		{56DB4F97-70F2-417F-A21E-01DF1A83A852}.Release|Win32.ActiveCfg = Release|Win32
		{56DB4F97-70F2-417F-A21E-01DF1A83A852}.Release|Win32.Build.0 = Release|Win32
		{8D5BA44E-8B83-4E49-B664-AAAA458C1060}.Debug|Win32.ActiveCfg = Debug|Win32
		{8D5BA44E-8B83-4E49-B664-AAAA458C1060}.Debug|Win32.Build.0 = Debug|Win32
		{8D5BA44E-8B83-4E49-B664-AAAA458C1060}.Release|Win32.ActiveCfg = Release|Win32
		{8D5BA44E-8B83-4E49-B664-AAAA458C1060}.Release|Win32.Build.0 = Release|Win32
		{9A14D3CC-2E48-47E6-8B4C-08A10DC01C1B}.Debug|Win32.ActiveCfg = Debug|Win32
		{9A14D3CC-2E48-47E6-8B4C-08A10DC01C1B}.Debug|Win32.Build.0 = Debug|Win32
		{9A14D3CC-2E48-47E6-8B4C-08A10DC01C1B}.Release|Win32.ActiveCfg = Release|Win32
		{9A14D3CC-2E48-47E6-8B4C-08A10DC01C1B}.Release|Win32.Build.0 = Release|Win32
		{E678EA58-8634-4931-A229-FD980F804CDA}.Debug|Win32.ActiveCfg = Debug|Win32
		{E678EA58-8634-4931-A229-FD980F804CDA}.Debug|Win32.Build.0 = Debug|Win32
		{E678EA58-8634-4931-A229-FD980F804CDA}.Release|Win32.ActiveCfg = Release|Win32
		{E678EA58-8634-4931-A229-FD980F804CDA}.Release|Win32.Build.0 = Release|Win32
		{FC524424-35EE-4D41-B068-824CBB6FB65C}.Debug|Win32.ActiveCfg = Debug|Win32
		{FC524424-35EE-4D41-B068-824CBB6FB65C}.Debug|Win32.Build.0 = Debug|Win32
		{FC524424-35EE-4D41-B068-824CBB6FB65C}.Release|Win32.ActiveCfg = Release|Win32
		{FC524424-35EE-4D41-B068-824CBB6FB65C}.Release|Win32.Build.0 = Release|Win32
		{8FD826F8-3739-44E6-8CC8-997122E53B8D}.Debug|Win32.ActiveCfg = Debug|Win32
		{8FD826F8-3739-44E6-8CC8-997122E53B8D}.Debug|Win32.Build.0 = Debug|Win32
		{8FD826F8-3739-44E6-8CC8-997122E53B8D}.Release|Win32.ActiveCfg = Release|Win32
		{8FD826F8-3739-44E6-8CC8-997122E53B8D}.Release|Win32.Build.0 = Release|Win32
		{D976E852-A40F-4EC1-8491-B4F3D3D1B75C}.Debug|Win32.ActiveCfg = Debug|Win32
		{D976E852-A40F-4EC1-8491-B4F3D3D1B75C}.Debug|Win32.Build.0 = Debug|Win32
		{D976E852-A40F-4EC1-8491-B4F3D3D1B75C}.Release|Win32.ActiveCfg = Release|Win32
		{D976E852-A40F-4EC1-8491-B4F3D3D1B75C}.Release|Win32.Build.0 = Release|Win32
		{777A6B19-93FD-4FEB-B99B-3C8EF76E797B}.Debug|Win32.ActiveCfg = Debug|Win32
		{777A6B19-93FD-4FEB-B99B-3C8EF76E797B}.Debug|Win32.Build.0 = Debug|Win32
		{777A6B19-93FD-4FEB-B99B-3C8EF76E797B}.Release|Win32.ActiveCfg = Release|Win32
		{777A6B19-93FD-4FEB-B99B-3C8EF76E797B}.Release|Win32.Build.0 = Release|Win32
		{53892844-9013-425B-94CD-7E6F11A3D3ED}.Debug|Win32.ActiveCfg = Debug|Win32
		{53892844-9013-425B-94CD-7E6F11A3D3ED}.Debug|Win32.Build.0 = Debug|Win32
		{53892844-9013-425B-94CD-7E6F11A3D3ED}.Release|Win32.ActiveCfg = Release|Win32
		{53892844-9013-425B-94CD-7E6F11A3D3ED}.Release|Win32.Build.0 = Release|Win32
	EndGlobalSection
	GlobalSection(SolutionProperties) = preSolution
		HideSolutionNode = FALSE
	EndGlobalSection
	GlobalSection(NestedProjects) = preSolution
		{37094D0F-65F3-4859-AB7E-5062308266E7} = {59E8F0E0-4FA8-42FB-92A0-0B85376F876A}
		{830BB83C-35F8-4296-A115-1FA68E746338} = {59E8F0E0-4FA8-42FB-92A0-0B85376F876A}
		{D8744F85-7E58-42B3-BC78-9C15CBD4ED63} = {59E8F0E0-4FA8-42FB-92A0-0B85376F876A}
		{8D5BA44E-8B83-4E49-B664-AAAA458C1060} = {59E8F0E0-4FA8-42FB-92A0-0B85376F876A}
		{9A14D3CC-2E48-47E6-8B4C-08A10DC01C1B} = {59E8F0E0-4FA8-42FB-92A0-0B85376F876A}
		{8FD826F8-3739-44E6-8CC8-997122E53B8D} = {59E8F0E0-4FA8-42FB-92A0-0B85376F876A}
		{D976E852-A40F-4EC1-8491-B4F3D3D1B75C} = {59E8F0E0-4FA8-42FB-92A0-0B85376F876A}
		{E106ACD7-4E53-4AEE-942B-D0DD426DB34E} = {59E8F0E0-4FA8-42FB-92A0-0B85376F876A}
	EndGlobalSection
EndGlobal
